// !$*UTF8*$!
{
	archiveVersion = 1;
	classes = {
	};
	objectVersion = 56;
	objects = {

/* Begin PBXBuildFile section */
		23094F902B2333CC0080025D /* ArrayCvl.swift in Sources */ = {isa = PBXBuildFile; fileRef = 23094F8F2B2333CC0080025D /* ArrayCvl.swift */; };
		231554DE2B179ECB00B25D98 /* XcodeProjectApp.swift in Sources */ = {isa = PBXBuildFile; fileRef = 231554DD2B179ECB00B25D98 /* XcodeProjectApp.swift */; };
		231554E02B179ECB00B25D98 /* ContentView.swift in Sources */ = {isa = PBXBuildFile; fileRef = 231554DF2B179ECB00B25D98 /* ContentView.swift */; };
		231554E22B179ED900B25D98 /* Assets.xcassets in Resources */ = {isa = PBXBuildFile; fileRef = 231554E12B179ED900B25D98 /* Assets.xcassets */; };
		231554E52B179ED900B25D98 /* Preview Assets.xcassets in Resources */ = {isa = PBXBuildFile; fileRef = 231554E42B179ED900B25D98 /* Preview Assets.xcassets */; };
		231554EF2B179EDB00B25D98 /* XcodeProjectTests.swift in Sources */ = {isa = PBXBuildFile; fileRef = 231554EE2B179EDB00B25D98 /* XcodeProjectTests.swift */; };
		231554F92B179EDB00B25D98 /* XcodeProjectUITests.swift in Sources */ = {isa = PBXBuildFile; fileRef = 231554F82B179EDB00B25D98 /* XcodeProjectUITests.swift */; };
		231554FB2B179EDB00B25D98 /* XcodeProjectUITestsLaunchTests.swift in Sources */ = {isa = PBXBuildFile; fileRef = 231554FA2B179EDB00B25D98 /* XcodeProjectUITestsLaunchTests.swift */; };
		2368B0EB2B2708A200FBC5EC /* Matchs.swift in Sources */ = {isa = PBXBuildFile; fileRef = 2368B0EA2B2708A100FBC5EC /* Matchs.swift */; };
		2368B0ED2B2709B300FBC5EC /* ArrayOfMatchs.swift in Sources */ = {isa = PBXBuildFile; fileRef = 2368B0EC2B2709B300FBC5EC /* ArrayOfMatchs.swift */; };
		2375676F2B21E929000D1D70 /* tabViewOnPlayers.swift in Sources */ = {isa = PBXBuildFile; fileRef = 2375676E2B21E929000D1D70 /* tabViewOnPlayers.swift */; };
		237612F72B1F2413005EEC11 /* home.swift in Sources */ = {isa = PBXBuildFile; fileRef = 237612F62B1F2413005EEC11 /* home.swift */; };
		237612F92B1F24B9005EEC11 /* other.swift in Sources */ = {isa = PBXBuildFile; fileRef = 237612F82B1F24B9005EEC11 /* other.swift */; };
/* End PBXBuildFile section */

/* Begin PBXContainerItemProxy section */
		231554EB2B179EDB00B25D98 /* PBXContainerItemProxy */ = {
			isa = PBXContainerItemProxy;
			containerPortal = 231554D22B179ECA00B25D98 /* Project object */;
			proxyType = 1;
			remoteGlobalIDString = 231554D92B179ECB00B25D98;
			remoteInfo = XcodeProject;
		};
		231554F52B179EDB00B25D98 /* PBXContainerItemProxy */ = {
			isa = PBXContainerItemProxy;
			containerPortal = 231554D22B179ECA00B25D98 /* Project object */;
			proxyType = 1;
			remoteGlobalIDString = 231554D92B179ECB00B25D98;
			remoteInfo = XcodeProject;
		};
/* End PBXContainerItemProxy section */

/* Begin PBXFileReference section */
		23094F8F2B2333CC0080025D /* ArrayCvl.swift */ = {isa = PBXFileReference; lastKnownFileType = sourcecode.swift; path = ArrayCvl.swift; sourceTree = "<group>"; };
		231554DA2B179ECB00B25D98 /* XcodeProject.app */ = {isa = PBXFileReference; explicitFileType = wrapper.application; includeInIndex = 0; path = XcodeProject.app; sourceTree = BUILT_PRODUCTS_DIR; };
		231554DD2B179ECB00B25D98 /* XcodeProjectApp.swift */ = {isa = PBXFileReference; lastKnownFileType = sourcecode.swift; path = XcodeProjectApp.swift; sourceTree = "<group>"; };
		231554DF2B179ECB00B25D98 /* ContentView.swift */ = {isa = PBXFileReference; lastKnownFileType = sourcecode.swift; path = ContentView.swift; sourceTree = "<group>"; };
		231554E12B179ED900B25D98 /* Assets.xcassets */ = {isa = PBXFileReference; lastKnownFileType = folder.assetcatalog; path = Assets.xcassets; sourceTree = "<group>"; };
		231554E42B179ED900B25D98 /* Preview Assets.xcassets */ = {isa = PBXFileReference; lastKnownFileType = folder.assetcatalog; path = "Preview Assets.xcassets"; sourceTree = "<group>"; };
		231554EA2B179EDB00B25D98 /* XcodeProjectTests.xctest */ = {isa = PBXFileReference; explicitFileType = wrapper.cfbundle; includeInIndex = 0; path = XcodeProjectTests.xctest; sourceTree = BUILT_PRODUCTS_DIR; };
		231554EE2B179EDB00B25D98 /* XcodeProjectTests.swift */ = {isa = PBXFileReference; lastKnownFileType = sourcecode.swift; path = XcodeProjectTests.swift; sourceTree = "<group>"; };
		231554F42B179EDB00B25D98 /* XcodeProjectUITests.xctest */ = {isa = PBXFileReference; explicitFileType = wrapper.cfbundle; includeInIndex = 0; path = XcodeProjectUITests.xctest; sourceTree = BUILT_PRODUCTS_DIR; };
		231554F82B179EDB00B25D98 /* XcodeProjectUITests.swift */ = {isa = PBXFileReference; lastKnownFileType = sourcecode.swift; path = XcodeProjectUITests.swift; sourceTree = "<group>"; };
		231554FA2B179EDB00B25D98 /* XcodeProjectUITestsLaunchTests.swift */ = {isa = PBXFileReference; lastKnownFileType = sourcecode.swift; path = XcodeProjectUITestsLaunchTests.swift; sourceTree = "<group>"; };
		2368B0EA2B2708A100FBC5EC /* Matchs.swift */ = {isa = PBXFileReference; lastKnownFileType = sourcecode.swift; path = Matchs.swift; sourceTree = "<group>"; };
		2368B0EC2B2709B300FBC5EC /* ArrayOfMatchs.swift */ = {isa = PBXFileReference; lastKnownFileType = sourcecode.swift; path = ArrayOfMatchs.swift; sourceTree = "<group>"; };
		2375676E2B21E929000D1D70 /* tabViewOnPlayers.swift */ = {isa = PBXFileReference; lastKnownFileType = sourcecode.swift; path = tabViewOnPlayers.swift; sourceTree = "<group>"; };
		237612F62B1F2413005EEC11 /* home.swift */ = {isa = PBXFileReference; lastKnownFileType = sourcecode.swift; path = home.swift; sourceTree = "<group>"; };
		237612F82B1F24B9005EEC11 /* other.swift */ = {isa = PBXFileReference; lastKnownFileType = sourcecode.swift; path = other.swift; sourceTree = "<group>"; };
/* End PBXFileReference section */

/* Begin PBXFrameworksBuildPhase section */
		231554D72B179ECB00B25D98 /* Frameworks */ = {
			isa = PBXFrameworksBuildPhase;
			buildActionMask = 2147483647;
			files = (
			);
			runOnlyForDeploymentPostprocessing = 0;
		};
		231554E72B179EDB00B25D98 /* Frameworks */ = {
			isa = PBXFrameworksBuildPhase;
			buildActionMask = 2147483647;
			files = (
			);
			runOnlyForDeploymentPostprocessing = 0;
		};
		231554F12B179EDB00B25D98 /* Frameworks */ = {
			isa = PBXFrameworksBuildPhase;
			buildActionMask = 2147483647;
			files = (
			);
			runOnlyForDeploymentPostprocessing = 0;
		};
/* End PBXFrameworksBuildPhase section */

/* Begin PBXGroup section */
		231554D12B179ECA00B25D98 = {
			isa = PBXGroup;
			children = (
				231554DC2B179ECB00B25D98 /* XcodeProject */,
				231554ED2B179EDB00B25D98 /* XcodeProjectTests */,
				231554F72B179EDB00B25D98 /* XcodeProjectUITests */,
				231554DB2B179ECB00B25D98 /* Products */,
			);
			sourceTree = "<group>";
		};
		231554DB2B179ECB00B25D98 /* Products */ = {
			isa = PBXGroup;
			children = (
				231554DA2B179ECB00B25D98 /* XcodeProject.app */,
				231554EA2B179EDB00B25D98 /* XcodeProjectTests.xctest */,
				231554F42B179EDB00B25D98 /* XcodeProjectUITests.xctest */,
			);
			name = Products;
			sourceTree = "<group>";
		};
		231554DC2B179ECB00B25D98 /* XcodeProject */ = {
			isa = PBXGroup;
			children = (
				239D37532C9F583A00E2C9DD /* Model */,
				2368B0EC2B2709B300FBC5EC /* ArrayOfMatchs.swift */,
				2368B0EA2B2708A100FBC5EC /* Matchs.swift */,
				2375676E2B21E929000D1D70 /* tabViewOnPlayers.swift */,
				237612F82B1F24B9005EEC11 /* other.swift */,
				23094F8F2B2333CC0080025D /* ArrayCvl.swift */,
				237612F62B1F2413005EEC11 /* home.swift */,
				231554DD2B179ECB00B25D98 /* XcodeProjectApp.swift */,
				231554DF2B179ECB00B25D98 /* ContentView.swift */,
				231554E12B179ED900B25D98 /* Assets.xcassets */,
				231554E32B179ED900B25D98 /* Preview Content */,
			);
			path = XcodeProject;
			sourceTree = "<group>";
		};
		231554E32B179ED900B25D98 /* Preview Content */ = {
			isa = PBXGroup;
			children = (
				231554E42B179ED900B25D98 /* Preview Assets.xcassets */,
			);
			path = "Preview Content";
			sourceTree = "<group>";
		};
		231554ED2B179EDB00B25D98 /* XcodeProjectTests */ = {
			isa = PBXGroup;
			children = (
				231554EE2B179EDB00B25D98 /* XcodeProjectTests.swift */,
			);
			path = XcodeProjectTests;
			sourceTree = "<group>";
		};
		231554F72B179EDB00B25D98 /* XcodeProjectUITests */ = {
			isa = PBXGroup;
			children = (
				231554F82B179EDB00B25D98 /* XcodeProjectUITests.swift */,
				231554FA2B179EDB00B25D98 /* XcodeProjectUITestsLaunchTests.swift */,
			);
			path = XcodeProjectUITests;
			sourceTree = "<group>";
		};
		239D37532C9F583A00E2C9DD /* Model */ = {
			isa = PBXGroup;
			children = (
			);
			path = Model;
			sourceTree = "<group>";
		};
/* End PBXGroup section */

/* Begin PBXNativeTarget section */
		231554D92B179ECB00B25D98 /* XcodeProject */ = {
			isa = PBXNativeTarget;
			buildConfigurationList = 231554FE2B179EDB00B25D98 /* Build configuration list for PBXNativeTarget "XcodeProject" */;
			buildPhases = (
				231554D62B179ECB00B25D98 /* Sources */,
				231554D72B179ECB00B25D98 /* Frameworks */,
				231554D82B179ECB00B25D98 /* Resources */,
			);
			buildRules = (
			);
			dependencies = (
			);
			name = XcodeProject;
			productName = XcodeProject;
			productReference = 231554DA2B179ECB00B25D98 /* XcodeProject.app */;
			productType = "com.apple.product-type.application";
		};
		231554E92B179EDB00B25D98 /* XcodeProjectTests */ = {
			isa = PBXNativeTarget;
			buildConfigurationList = 231555012B179EDB00B25D98 /* Build configuration list for PBXNativeTarget "XcodeProjectTests" */;
			buildPhases = (
				231554E62B179EDB00B25D98 /* Sources */,
				231554E72B179EDB00B25D98 /* Frameworks */,
				231554E82B179EDB00B25D98 /* Resources */,
			);
			buildRules = (
			);
			dependencies = (
				231554EC2B179EDB00B25D98 /* PBXTargetDependency */,
			);
			name = XcodeProjectTests;
			productName = XcodeProjectTests;
			productReference = 231554EA2B179EDB00B25D98 /* XcodeProjectTests.xctest */;
			productType = "com.apple.product-type.bundle.unit-test";
		};
		231554F32B179EDB00B25D98 /* XcodeProjectUITests */ = {
			isa = PBXNativeTarget;
			buildConfigurationList = 231555042B179EDB00B25D98 /* Build configuration list for PBXNativeTarget "XcodeProjectUITests" */;
			buildPhases = (
				231554F02B179EDB00B25D98 /* Sources */,
				231554F12B179EDB00B25D98 /* Frameworks */,
				231554F22B179EDB00B25D98 /* Resources */,
			);
			buildRules = (
			);
			dependencies = (
				231554F62B179EDB00B25D98 /* PBXTargetDependency */,
			);
			name = XcodeProjectUITests;
			productName = XcodeProjectUITests;
			productReference = 231554F42B179EDB00B25D98 /* XcodeProjectUITests.xctest */;
			productType = "com.apple.product-type.bundle.ui-testing";
		};
/* End PBXNativeTarget section */

/* Begin PBXProject section */
		231554D22B179ECA00B25D98 /* Project object */ = {
			isa = PBXProject;
			attributes = {
				BuildIndependentTargetsInParallel = 1;
				LastSwiftUpdateCheck = 1420;
				LastUpgradeCheck = 1420;
				TargetAttributes = {
					231554D92B179ECB00B25D98 = {
						CreatedOnToolsVersion = 14.2;
					};
					231554E92B179EDB00B25D98 = {
						CreatedOnToolsVersion = 14.2;
						TestTargetID = 231554D92B179ECB00B25D98;
					};
					231554F32B179EDB00B25D98 = {
						CreatedOnToolsVersion = 14.2;
						TestTargetID = 231554D92B179ECB00B25D98;
					};
				};
			};
			buildConfigurationList = 231554D52B179ECA00B25D98 /* Build configuration list for PBXProject "XcodeProject" */;
			compatibilityVersion = "Xcode 14.0";
			developmentRegion = en;
			hasScannedForEncodings = 0;
			knownRegions = (
				en,
				Base,
			);
			mainGroup = 231554D12B179ECA00B25D98;
			productRefGroup = 231554DB2B179ECB00B25D98 /* Products */;
			projectDirPath = "";
			projectRoot = "";
			targets = (
				231554D92B179ECB00B25D98 /* XcodeProject */,
				231554E92B179EDB00B25D98 /* XcodeProjectTests */,
				231554F32B179EDB00B25D98 /* XcodeProjectUITests */,
			);
		};
/* End PBXProject section */

/* Begin PBXResourcesBuildPhase section */
		231554D82B179ECB00B25D98 /* Resources */ = {
			isa = PBXResourcesBuildPhase;
			buildActionMask = 2147483647;
			files = (
				231554E52B179ED900B25D98 /* Preview Assets.xcassets in Resources */,
				231554E22B179ED900B25D98 /* Assets.xcassets in Resources */,
			);
			runOnlyForDeploymentPostprocessing = 0;
		};
		231554E82B179EDB00B25D98 /* Resources */ = {
			isa = PBXResourcesBuildPhase;
			buildActionMask = 2147483647;
			files = (
			);
			runOnlyForDeploymentPostprocessing = 0;
		};
		231554F22B179EDB00B25D98 /* Resources */ = {
			isa = PBXResourcesBuildPhase;
			buildActionMask = 2147483647;
			files = (
			);
			runOnlyForDeploymentPostprocessing = 0;
		};
/* End PBXResourcesBuildPhase section */

/* Begin PBXSourcesBuildPhase section */
		231554D62B179ECB00B25D98 /* Sources */ = {
			isa = PBXSourcesBuildPhase;
			buildActionMask = 2147483647;
			files = (
				2368B0EB2B2708A200FBC5EC /* Matchs.swift in Sources */,
				237612F92B1F24B9005EEC11 /* other.swift in Sources */,
				2368B0ED2B2709B300FBC5EC /* ArrayOfMatchs.swift in Sources */,
				237612F72B1F2413005EEC11 /* home.swift in Sources */,
				2375676F2B21E929000D1D70 /* tabViewOnPlayers.swift in Sources */,
				231554E02B179ECB00B25D98 /* ContentView.swift in Sources */,
				23094F902B2333CC0080025D /* ArrayCvl.swift in Sources */,
				231554DE2B179ECB00B25D98 /* XcodeProjectApp.swift in Sources */,
			);
			runOnlyForDeploymentPostprocessing = 0;
		};
		231554E62B179EDB00B25D98 /* Sources */ = {
			isa = PBXSourcesBuildPhase;
			buildActionMask = 2147483647;
			files = (
				231554EF2B179EDB00B25D98 /* XcodeProjectTests.swift in Sources */,
			);
			runOnlyForDeploymentPostprocessing = 0;
		};
		231554F02B179EDB00B25D98 /* Sources */ = {
			isa = PBXSourcesBuildPhase;
			buildActionMask = 2147483647;
			files = (
				231554FB2B179EDB00B25D98 /* XcodeProjectUITestsLaunchTests.swift in Sources */,
				231554F92B179EDB00B25D98 /* XcodeProjectUITests.swift in Sources */,
			);
			runOnlyForDeploymentPostprocessing = 0;
		};
/* End PBXSourcesBuildPhase section */

/* Begin PBXTargetDependency section */
		231554EC2B179EDB00B25D98 /* PBXTargetDependency */ = {
			isa = PBXTargetDependency;
			target = 231554D92B179ECB00B25D98 /* XcodeProject */;
			targetProxy = 231554EB2B179EDB00B25D98 /* PBXContainerItemProxy */;
		};
		231554F62B179EDB00B25D98 /* PBXTargetDependency */ = {
			isa = PBXTargetDependency;
			target = 231554D92B179ECB00B25D98 /* XcodeProject */;
			targetProxy = 231554F52B179EDB00B25D98 /* PBXContainerItemProxy */;
		};
/* End PBXTargetDependency section */

/* Begin XCBuildConfiguration section */
		231554FC2B179EDB00B25D98 /* Debug */ = {
			isa = XCBuildConfiguration;
			buildSettings = {
				ALWAYS_SEARCH_USER_PATHS = NO;
				CLANG_ANALYZER_NONNULL = YES;
				CLANG_ANALYZER_NUMBER_OBJECT_CONVERSION = YES_AGGRESSIVE;
				CLANG_CXX_LANGUAGE_STANDARD = "gnu++20";
				CLANG_ENABLE_MODULES = YES;
				CLANG_ENABLE_OBJC_ARC = YES;
				CLANG_ENABLE_OBJC_WEAK = YES;
				CLANG_WARN_BLOCK_CAPTURE_AUTORELEASING = YES;
				CLANG_WARN_BOOL_CONVERSION = YES;
				CLANG_WARN_COMMA = YES;
				CLANG_WARN_CONSTANT_CONVERSION = YES;
				CLANG_WARN_DEPRECATED_OBJC_IMPLEMENTATIONS = YES;
				CLANG_WARN_DIRECT_OBJC_ISA_USAGE = YES_ERROR;
				CLANG_WARN_DOCUMENTATION_COMMENTS = YES;
				CLANG_WARN_EMPTY_BODY = YES;
				CLANG_WARN_ENUM_CONVERSION = YES;
				CLANG_WARN_INFINITE_RECURSION = YES;
				CLANG_WARN_INT_CONVERSION = YES;
				CLANG_WARN_NON_LITERAL_NULL_CONVERSION = YES;
				CLANG_WARN_OBJC_IMPLICIT_RETAIN_SELF = YES;
				CLANG_WARN_OBJC_LITERAL_CONVERSION = YES;
				CLANG_WARN_OBJC_ROOT_CLASS = YES_ERROR;
				CLANG_WARN_QUOTED_INCLUDE_IN_FRAMEWORK_HEADER = YES;
				CLANG_WARN_RANGE_LOOP_ANALYSIS = YES;
				CLANG_WARN_STRICT_PROTOTYPES = YES;
				CLANG_WARN_SUSPICIOUS_MOVE = YES;
				CLANG_WARN_UNGUARDED_AVAILABILITY = YES_AGGRESSIVE;
				CLANG_WARN_UNREACHABLE_CODE = YES;
				CLANG_WARN__DUPLICATE_METHOD_MATCH = YES;
				COPY_PHASE_STRIP = NO;
				DEBUG_INFORMATION_FORMAT = dwarf;
				ENABLE_STRICT_OBJC_MSGSEND = YES;
				ENABLE_TESTABILITY = YES;
				GCC_C_LANGUAGE_STANDARD = gnu11;
				GCC_DYNAMIC_NO_PIC = NO;
				GCC_NO_COMMON_BLOCKS = YES;
				GCC_OPTIMIZATION_LEVEL = 0;
				GCC_PREPROCESSOR_DEFINITIONS = (
					"DEBUG=1",
					"$(inherited)",
				);
				GCC_WARN_64_TO_32_BIT_CONVERSION = YES;
				GCC_WARN_ABOUT_RETURN_TYPE = YES_ERROR;
				GCC_WARN_UNDECLARED_SELECTOR = YES;
				GCC_WARN_UNINITIALIZED_AUTOS = YES_AGGRESSIVE;
				GCC_WARN_UNUSED_FUNCTION = YES;
				GCC_WARN_UNUSED_VARIABLE = YES;
				IPHONEOS_DEPLOYMENT_TARGET = 16.2;
				MTL_ENABLE_DEBUG_INFO = INCLUDE_SOURCE;
				MTL_FAST_MATH = YES;
				ONLY_ACTIVE_ARCH = YES;
				SDKROOT = iphoneos;
				SWIFT_ACTIVE_COMPILATION_CONDITIONS = DEBUG;
				SWIFT_OPTIMIZATION_LEVEL = "-Onone";
			};
			name = Debug;
		};
		231554FD2B179EDB00B25D98 /* Release */ = {
			isa = XCBuildConfiguration;
			buildSettings = {
				ALWAYS_SEARCH_USER_PATHS = NO;
				CLANG_ANALYZER_NONNULL = YES;
				CLANG_ANALYZER_NUMBER_OBJECT_CONVERSION = YES_AGGRESSIVE;
				CLANG_CXX_LANGUAGE_STANDARD = "gnu++20";
				CLANG_ENABLE_MODULES = YES;
				CLANG_ENABLE_OBJC_ARC = YES;
				CLANG_ENABLE_OBJC_WEAK = YES;
				CLANG_WARN_BLOCK_CAPTURE_AUTORELEASING = YES;
				CLANG_WARN_BOOL_CONVERSION = YES;
				CLANG_WARN_COMMA = YES;
				CLANG_WARN_CONSTANT_CONVERSION = YES;
				CLANG_WARN_DEPRECATED_OBJC_IMPLEMENTATIONS = YES;
				CLANG_WARN_DIRECT_OBJC_ISA_USAGE = YES_ERROR;
				CLANG_WARN_DOCUMENTATION_COMMENTS = YES;
				CLANG_WARN_EMPTY_BODY = YES;
				CLANG_WARN_ENUM_CONVERSION = YES;
				CLANG_WARN_INFINITE_RECURSION = YES;
				CLANG_WARN_INT_CONVERSION = YES;
				CLANG_WARN_NON_LITERAL_NULL_CONVERSION = YES;
				CLANG_WARN_OBJC_IMPLICIT_RETAIN_SELF = YES;
				CLANG_WARN_OBJC_LITERAL_CONVERSION = YES;
				CLANG_WARN_OBJC_ROOT_CLASS = YES_ERROR;
				CLANG_WARN_QUOTED_INCLUDE_IN_FRAMEWORK_HEADER = YES;
				CLANG_WARN_RANGE_LOOP_ANALYSIS = YES;
				CLANG_WARN_STRICT_PROTOTYPES = YES;
				CLANG_WARN_SUSPICIOUS_MOVE = YES;
				CLANG_WARN_UNGUARDED_AVAILABILITY = YES_AGGRESSIVE;
				CLANG_WARN_UNREACHABLE_CODE = YES;
				CLANG_WARN__DUPLICATE_METHOD_MATCH = YES;
				COPY_PHASE_STRIP = NO;
				DEBUG_INFORMATION_FORMAT = "dwarf-with-dsym";
				ENABLE_NS_ASSERTIONS = NO;
				ENABLE_STRICT_OBJC_MSGSEND = YES;
				GCC_C_LANGUAGE_STANDARD = gnu11;
				GCC_NO_COMMON_BLOCKS = YES;
				GCC_WARN_64_TO_32_BIT_CONVERSION = YES;
				GCC_WARN_ABOUT_RETURN_TYPE = YES_ERROR;
				GCC_WARN_UNDECLARED_SELECTOR = YES;
				GCC_WARN_UNINITIALIZED_AUTOS = YES_AGGRESSIVE;
				GCC_WARN_UNUSED_FUNCTION = YES;
				GCC_WARN_UNUSED_VARIABLE = YES;
				IPHONEOS_DEPLOYMENT_TARGET = 16.2;
				MTL_ENABLE_DEBUG_INFO = NO;
				MTL_FAST_MATH = YES;
				SDKROOT = iphoneos;
				SWIFT_COMPILATION_MODE = wholemodule;
				SWIFT_OPTIMIZATION_LEVEL = "-O";
				VALIDATE_PRODUCT = YES;
			};
			name = Release;
		};
		231554FF2B179EDB00B25D98 /* Debug */ = {
			isa = XCBuildConfiguration;
			buildSettings = {
				ASSETCATALOG_COMPILER_APPICON_NAME = AppIcon;
				ASSETCATALOG_COMPILER_GLOBAL_ACCENT_COLOR_NAME = AccentColor;
				CODE_SIGN_STYLE = Automatic;
				CURRENT_PROJECT_VERSION = 1;
				DEVELOPMENT_ASSET_PATHS = "\"XcodeProject/Preview Content\"";
				ENABLE_PREVIEWS = YES;
				GENERATE_INFOPLIST_FILE = YES;
				INFOPLIST_KEY_UIApplicationSceneManifest_Generation = YES;
				INFOPLIST_KEY_UIApplicationSupportsIndirectInputEvents = YES;
				INFOPLIST_KEY_UILaunchScreen_Generation = YES;
				INFOPLIST_KEY_UISupportedInterfaceOrientations_iPad = "UIInterfaceOrientationPortrait UIInterfaceOrientationPortraitUpsideDown UIInterfaceOrientationLandscapeLeft UIInterfaceOrientationLandscapeRight";
				INFOPLIST_KEY_UISupportedInterfaceOrientations_iPhone = "UIInterfaceOrientationPortrait UIInterfaceOrientationLandscapeLeft UIInterfaceOrientationLandscapeRight";
				LD_RUNPATH_SEARCH_PATHS = (
					"$(inherited)",
					"@executable_path/Frameworks",
				);
				MARKETING_VERSION = 1.0;
				PRODUCT_BUNDLE_IDENTIFIER = WeloveSwift.XcodeProject;
				PRODUCT_NAME = "$(TARGET_NAME)";
				SUPPORTED_PLATFORMS = "iphoneos iphonesimulator macosx";
				SUPPORTS_MACCATALYST = NO;
				SUPPORTS_MAC_DESIGNED_FOR_IPHONE_IPAD = YES;
				SWIFT_EMIT_LOC_STRINGS = YES;
				SWIFT_VERSION = 5.0;
				TARGETED_DEVICE_FAMILY = "1,2";
			};
			name = Debug;
		};
		231555002B179EDB00B25D98 /* Release */ = {
			isa = XCBuildConfiguration;
			buildSettings = {
				ASSETCATALOG_COMPILER_APPICON_NAME = AppIcon;
				ASSETCATALOG_COMPILER_GLOBAL_ACCENT_COLOR_NAME = AccentColor;
				CODE_SIGN_STYLE = Automatic;
				CURRENT_PROJECT_VERSION = 1;
				DEVELOPMENT_ASSET_PATHS = "\"XcodeProject/Preview Content\"";
				ENABLE_PREVIEWS = YES;
				GENERATE_INFOPLIST_FILE = YES;
				INFOPLIST_KEY_UIApplicationSceneManifest_Generation = YES;
				INFOPLIST_KEY_UIApplicationSupportsIndirectInputEvents = YES;
				INFOPLIST_KEY_UILaunchScreen_Generation = YES;
				INFOPLIST_KEY_UISupportedInterfaceOrientations_iPad = "UIInterfaceOrientationPortrait UIInterfaceOrientationPortraitUpsideDown UIInterfaceOrientationLandscapeLeft UIInterfaceOrientationLandscapeRight";
				INFOPLIST_KEY_UISupportedInterfaceOrientations_iPhone = "UIInterfaceOrientationPortrait UIInterfaceOrientationLandscapeLeft UIInterfaceOrientationLandscapeRight";
				LD_RUNPATH_SEARCH_PATHS = (
					"$(inherited)",
					"@executable_path/Frameworks",
				);
				MARKETING_VERSION = 1.0;
				PRODUCT_BUNDLE_IDENTIFIER = WeloveSwift.XcodeProject;
				PRODUCT_NAME = "$(TARGET_NAME)";
				SUPPORTED_PLATFORMS = "iphoneos iphonesimulator macosx";
				SUPPORTS_MACCATALYST = NO;
				SUPPORTS_MAC_DESIGNED_FOR_IPHONE_IPAD = YES;
				SWIFT_EMIT_LOC_STRINGS = YES;
				SWIFT_VERSION = 5.0;
				TARGETED_DEVICE_FAMILY = "1,2";
			};
			name = Release;
		};
		231555022B179EDB00B25D98 /* Debug */ = {
			isa = XCBuildConfiguration;
			buildSettings = {
				ALWAYS_EMBED_SWIFT_STANDARD_LIBRARIES = YES;
				BUNDLE_LOADER = "$(TEST_HOST)";
				CODE_SIGN_STYLE = Automatic;
				CURRENT_PROJECT_VERSION = 1;
				GENERATE_INFOPLIST_FILE = YES;
				IPHONEOS_DEPLOYMENT_TARGET = 16.2;
				MARKETING_VERSION = 1.0;
				PRODUCT_BUNDLE_IDENTIFIER = WeloveSwift.XcodeProjectTests;
				PRODUCT_NAME = "$(TARGET_NAME)";
				SWIFT_EMIT_LOC_STRINGS = NO;
				SWIFT_VERSION = 5.0;
				TARGETED_DEVICE_FAMILY = "1,2";
				TEST_HOST = "$(BUILT_PRODUCTS_DIR)/XcodeProject.app/$(BUNDLE_EXECUTABLE_FOLDER_PATH)/XcodeProject";
			};
			name = Debug;
		};
		231555032B179EDB00B25D98 /* Release */ = {
			isa = XCBuildConfiguration;
			buildSettings = {
				ALWAYS_EMBED_SWIFT_STANDARD_LIBRARIES = YES;
				BUNDLE_LOADER = "$(TEST_HOST)";
				CODE_SIGN_STYLE = Automatic;
				CURRENT_PROJECT_VERSION = 1;
				GENERATE_INFOPLIST_FILE = YES;
				IPHONEOS_DEPLOYMENT_TARGET = 16.2;
				MARKETING_VERSION = 1.0;
				PRODUCT_BUNDLE_IDENTIFIER = WeloveSwift.XcodeProjectTests;
				PRODUCT_NAME = "$(TARGET_NAME)";
				SWIFT_EMIT_LOC_STRINGS = NO;
				SWIFT_VERSION = 5.0;
				TARGETED_DEVICE_FAMILY = "1,2";
				TEST_HOST = "$(BUILT_PRODUCTS_DIR)/XcodeProject.app/$(BUNDLE_EXECUTABLE_FOLDER_PATH)/XcodeProject";
			};
			name = Release;
		};
		231555052B179EDB00B25D98 /* Debug */ = {
			isa = XCBuildConfiguration;
			buildSettings = {
				ALWAYS_EMBED_SWIFT_STANDARD_LIBRARIES = YES;
				CODE_SIGN_STYLE = Automatic;
				CURRENT_PROJECT_VERSION = 1;
				GENERATE_INFOPLIST_FILE = YES;
				MARKETING_VERSION = 1.0;
				PRODUCT_BUNDLE_IDENTIFIER = WeloveSwift.XcodeProjectUITests;
				PRODUCT_NAME = "$(TARGET_NAME)";
				SWIFT_EMIT_LOC_STRINGS = NO;
				SWIFT_VERSION = 5.0;
				TARGETED_DEVICE_FAMILY = "1,2";
				TEST_TARGET_NAME = XcodeProject;
			};
			name = Debug;
		};
		231555062B179EDB00B25D98 /* Release */ = {
			isa = XCBuildConfiguration;
			buildSettings = {
				ALWAYS_EMBED_SWIFT_STANDARD_LIBRARIES = YES;
				CODE_SIGN_STYLE = Automatic;
				CURRENT_PROJECT_VERSION = 1;
				GENERATE_INFOPLIST_FILE = YES;
				MARKETING_VERSION = 1.0;
				PRODUCT_BUNDLE_IDENTIFIER = WeloveSwift.XcodeProjectUITests;
				PRODUCT_NAME = "$(TARGET_NAME)";
				SWIFT_EMIT_LOC_STRINGS = NO;
				SWIFT_VERSION = 5.0;
				TARGETED_DEVICE_FAMILY = "1,2";
				TEST_TARGET_NAME = XcodeProject;
			};
			name = Release;
		};
/* End XCBuildConfiguration section */

/* Begin XCConfigurationList section */
		231554D52B179ECA00B25D98 /* Build configuration list for PBXProject "XcodeProject" */ = {
			isa = XCConfigurationList;
			buildConfigurations = (
				231554FC2B179EDB00B25D98 /* Debug */,
				231554FD2B179EDB00B25D98 /* Release */,
			);
			defaultConfigurationIsVisible = 0;
			defaultConfigurationName = Release;
		};
		231554FE2B179EDB00B25D98 /* Build configuration list for PBXNativeTarget "XcodeProject" */ = {
			isa = XCConfigurationList;
			buildConfigurations = (
				231554FF2B179EDB00B25D98 /* Debug */,
				231555002B179EDB00B25D98 /* Release */,
			);
			defaultConfigurationIsVisible = 0;
			defaultConfigurationName = Release;
		};
		231555012B179EDB00B25D98 /* Build configuration list for PBXNativeTarget "XcodeProjectTests" */ = {
			isa = XCConfigurationList;
			buildConfigurations = (
				231555022B179EDB00B25D98 /* Debug */,
				231555032B179EDB00B25D98 /* Release */,
			);
			defaultConfigurationIsVisible = 0;
			defaultConfigurationName = Release;
		};
		231555042B179EDB00B25D98 /* Build configuration list for PBXNativeTarget "XcodeProjectUITests" */ = {
			isa = XCConfigurationList;
			buildConfigurations = (
				231555052B179EDB00B25D98 /* Debug */,
				231555062B179EDB00B25D98 /* Release */,
			);
			defaultConfigurationIsVisible = 0;
			defaultConfigurationName = Release;
		};
/* End XCConfigurationList section */
	};
	rootObject = 231554D22B179ECA00B25D98 /* Project object */;
}
